{
    "_readme": [
        "This file locks the dependencies of your project to a known state",
        "Read more about it at https://getcomposer.org/doc/01-basic-usage.md#installing-dependencies",
        "This file is @generated automatically"
    ],
    "content-hash": "bc8dbd1e88772ac1a934e930b6a8b4d6",
    "packages": [
        {
            "name": "hollow3464/htmx-psr",
            "version": "1.0.1",
            "source": {
                "type": "git",
                "url": "https://github.com/hollow3464/htmx-psr.git",
                "reference": "8f41809ea00ea494b0b55b018e1c8d71474bbd48"
            },
            "dist": {
                "type": "zip",
                "url": "https://api.github.com/repos/hollow3464/htmx-psr/zipball/8f41809ea00ea494b0b55b018e1c8d71474bbd48",
                "reference": "8f41809ea00ea494b0b55b018e1c8d71474bbd48",
                "shasum": ""
            },
            "require": {
                "psr/http-message": ">=1.0"
            },
            "require-dev": {
                "laravel/pint": "^1.17",
                "phpstan/phpstan": "^1.11"
            },
            "type": "library",
            "autoload": {
                "psr-4": {
                    "Hollow3464\\HtmxPsr\\": "src/"
                }
            },
            "notification-url": "https://packagist.org/downloads/",
            "authors": [
                {
                    "name": "David Chamorro",
                    "email": "daved3464@gmail.com"
                }
            ],
            "support": {
                "issues": "https://github.com/hollow3464/htmx-psr/issues",
                "source": "https://github.com/hollow3464/htmx-psr/tree/1.0.1"
            },
            "time": "2024-07-30T21:05:21+00:00"
        },
        {
            "name": "psr/http-message",
            "version": "2.0",
            "source": {
                "type": "git",
                "url": "https://github.com/php-fig/http-message.git",
                "reference": "402d35bcb92c70c026d1a6a9883f06b2ead23d71"
            },
            "dist": {
                "type": "zip",
                "url": "https://api.github.com/repos/php-fig/http-message/zipball/402d35bcb92c70c026d1a6a9883f06b2ead23d71",
                "reference": "402d35bcb92c70c026d1a6a9883f06b2ead23d71",
                "shasum": ""
            },
            "require": {
                "php": "^7.2 || ^8.0"
            },
            "type": "library",
            "extra": {
                "branch-alias": {
                    "dev-master": "2.0.x-dev"
                }
            },
            "autoload": {
                "psr-4": {
                    "Psr\\Http\\Message\\": "src/"
                }
            },
            "notification-url": "https://packagist.org/downloads/",
            "license": [
                "MIT"
            ],
            "authors": [
                {
                    "name": "PHP-FIG",
                    "homepage": "https://www.php-fig.org/"
                }
            ],
            "description": "Common interface for HTTP messages",
            "homepage": "https://github.com/php-fig/http-message",
            "keywords": [
                "http",
                "http-message",
                "psr",
                "psr-7",
                "request",
                "response"
            ],
            "support": {
                "source": "https://github.com/php-fig/http-message/tree/2.0"
            },
            "time": "2023-04-04T09:54:51+00:00"
        },
        {
            "name": "psr/http-server-handler",
            "version": "1.0.2",
            "source": {
                "type": "git",
                "url": "https://github.com/php-fig/http-server-handler.git",
                "reference": "84c4fb66179be4caaf8e97bd239203245302e7d4"
            },
            "dist": {
                "type": "zip",
                "url": "https://api.github.com/repos/php-fig/http-server-handler/zipball/84c4fb66179be4caaf8e97bd239203245302e7d4",
                "reference": "84c4fb66179be4caaf8e97bd239203245302e7d4",
                "shasum": ""
            },
            "require": {
                "php": ">=7.0",
                "psr/http-message": "^1.0 || ^2.0"
            },
            "type": "library",
            "extra": {
                "branch-alias": {
                    "dev-master": "1.0.x-dev"
                }
            },
            "autoload": {
                "psr-4": {
                    "Psr\\Http\\Server\\": "src/"
                }
            },
            "notification-url": "https://packagist.org/downloads/",
            "license": [
                "MIT"
            ],
            "authors": [
                {
                    "name": "PHP-FIG",
                    "homepage": "https://www.php-fig.org/"
                }
            ],
            "description": "Common interface for HTTP server-side request handler",
            "keywords": [
                "handler",
                "http",
                "http-interop",
                "psr",
                "psr-15",
                "psr-7",
                "request",
                "response",
                "server"
            ],
            "support": {
                "source": "https://github.com/php-fig/http-server-handler/tree/1.0.2"
            },
            "time": "2023-04-10T20:06:20+00:00"
        },
        {
            "name": "psr/http-server-middleware",
            "version": "1.0.2",
            "source": {
                "type": "git",
                "url": "https://github.com/php-fig/http-server-middleware.git",
                "reference": "c1481f747daaa6a0782775cd6a8c26a1bf4a3829"
            },
            "dist": {
                "type": "zip",
                "url": "https://api.github.com/repos/php-fig/http-server-middleware/zipball/c1481f747daaa6a0782775cd6a8c26a1bf4a3829",
                "reference": "c1481f747daaa6a0782775cd6a8c26a1bf4a3829",
                "shasum": ""
            },
            "require": {
                "php": ">=7.0",
                "psr/http-message": "^1.0 || ^2.0",
                "psr/http-server-handler": "^1.0"
            },
            "type": "library",
            "extra": {
                "branch-alias": {
                    "dev-master": "1.0.x-dev"
                }
            },
            "autoload": {
                "psr-4": {
                    "Psr\\Http\\Server\\": "src/"
                }
            },
            "notification-url": "https://packagist.org/downloads/",
            "license": [
                "MIT"
            ],
            "authors": [
                {
                    "name": "PHP-FIG",
                    "homepage": "https://www.php-fig.org/"
                }
            ],
            "description": "Common interface for HTTP server-side middleware",
            "keywords": [
                "http",
                "http-interop",
                "middleware",
                "psr",
                "psr-15",
                "psr-7",
                "request",
                "response"
            ],
            "support": {
                "issues": "https://github.com/php-fig/http-server-middleware/issues",
                "source": "https://github.com/php-fig/http-server-middleware/tree/1.0.2"
            },
            "time": "2023-04-11T06:14:47+00:00"
        }
    ],
    "packages-dev": [
        {
            "name": "laravel/pint",
            "version": "v1.17.0",
            "source": {
                "type": "git",
                "url": "https://github.com/laravel/pint.git",
                "reference": "4dba80c1de4b81dc4c4fb10ea6f4781495eb29f5"
            },
            "dist": {
                "type": "zip",
                "url": "https://api.github.com/repos/laravel/pint/zipball/4dba80c1de4b81dc4c4fb10ea6f4781495eb29f5",
                "reference": "4dba80c1de4b81dc4c4fb10ea6f4781495eb29f5",
                "shasum": ""
            },
            "require": {
                "ext-json": "*",
                "ext-mbstring": "*",
                "ext-tokenizer": "*",
                "ext-xml": "*",
                "php": "^8.1.0"
            },
            "require-dev": {
                "friendsofphp/php-cs-fixer": "^3.59.3",
                "illuminate/view": "^10.48.12",
                "larastan/larastan": "^2.9.7",
                "laravel-zero/framework": "^10.4.0",
                "mockery/mockery": "^1.6.12",
                "nunomaduro/termwind": "^1.15.1",
                "pestphp/pest": "^2.34.8"
            },
            "bin": [
                "builds/pint"
            ],
            "type": "project",
            "autoload": {
                "psr-4": {
                    "App\\": "app/",
                    "Database\\Seeders\\": "database/seeders/",
                    "Database\\Factories\\": "database/factories/"
                }
            },
            "notification-url": "https://packagist.org/downloads/",
            "license": [
                "MIT"
            ],
            "authors": [
                {
                    "name": "Nuno Maduro",
                    "email": "enunomaduro@gmail.com"
                }
            ],
            "description": "An opinionated code formatter for PHP.",
            "homepage": "https://laravel.com",
            "keywords": [
                "format",
                "formatter",
                "lint",
                "linter",
                "php"
            ],
            "support": {
                "issues": "https://github.com/laravel/pint/issues",
                "source": "https://github.com/laravel/pint"
            },
            "time": "2024-07-23T16:40:20+00:00"
        },
        {
            "name": "phpstan/phpstan",
            "version": "1.11.8",
            "source": {
                "type": "git",
                "url": "https://github.com/phpstan/phpstan.git",
                "reference": "6adbd118e6c0515dd2f36b06cde1d6da40f1b8ec"
            },
            "dist": {
                "type": "zip",
                "url": "https://api.github.com/repos/phpstan/phpstan/zipball/6adbd118e6c0515dd2f36b06cde1d6da40f1b8ec",
                "reference": "6adbd118e6c0515dd2f36b06cde1d6da40f1b8ec",
                "shasum": ""
            },
            "require": {
                "php": "^7.2|^8.0"
            },
            "conflict": {
                "phpstan/phpstan-shim": "*"
            },
            "bin": [
                "phpstan",
                "phpstan.phar"
            ],
            "type": "library",
            "autoload": {
                "files": [
                    "bootstrap.php"
                ]
            },
            "notification-url": "https://packagist.org/downloads/",
            "license": [
                "MIT"
            ],
            "description": "PHPStan - PHP Static Analysis Tool",
            "keywords": [
                "dev",
                "static analysis"
            ],
            "support": {
                "docs": "https://phpstan.org/user-guide/getting-started",
                "forum": "https://github.com/phpstan/phpstan/discussions",
                "issues": "https://github.com/phpstan/phpstan/issues",
                "security": "https://github.com/phpstan/phpstan/security/policy",
                "source": "https://github.com/phpstan/phpstan-src"
            },
            "funding": [
                {
                    "url": "https://github.com/ondrejmirtes",
                    "type": "github"
                },
                {
                    "url": "https://github.com/phpstan",
                    "type": "github"
                }
            ],
            "time": "2024-07-24T07:01:22+00:00"
        }
    ],
    "aliases": [],
    "minimum-stability": "stable",
    "stability-flags": [],
    "prefer-stable": false,
    "prefer-lowest": false,
    "platform": [],
    "platform-dev": [],
    "plugin-api-version": "2.6.0"
}
